
Microsoft Visual Studio Solution File, Format Version 12.00
# Visual Studio Version 17
VisualStudioVersion = 17.8.34525.116
MinimumVisualStudioVersion = 10.0.40219.1
Project("{FAE04EC0-301F-11D3-BF4B-00C04F79EFBC}") = "MauiAppMeuCombustivel", "MauiAppMeuCombustivel\MauiAppMeuCombustivel.csproj", "{071761B7-3523-4E60-8B82-C66098468452}"
EndProject
Global
	GlobalSection(SolutionConfigurationPlatforms) = preSolution
		Debug|Any CPU = Debug|Any CPU
		Release|Any CPU = Release|Any CPU
	EndGlobalSection
	GlobalSection(ProjectConfigurationPlatforms) = postSolution
		{071761B7-3523-4E60-8B82-C66098468452}.Debug|Any CPU.ActiveCfg = Debug|Any CPU
		{071761B7-3523-4E60-8B82-C66098468452}.Debug|Any CPU.Build.0 = Debug|Any CPU
		{071761B7-3523-4E60-8B82-C66098468452}.Debug|Any CPU.Deploy.0 = Debug|Any CPU
		{071761B7-3523-4E60-8B82-C66098468452}.Release|Any CPU.ActiveCfg = Release|Any CPU
		{071761B7-3523-4E60-8B82-C66098468452}.Release|Any CPU.Build.0 = Release|Any CPU
		{071761B7-3523-4E60-8B82-C66098468452}.Release|Any CPU.Deploy.0 = Release|Any CPU
	EndGlobalSection
	GlobalSection(SolutionProperties) = preSolution
		HideSolutionNode = FALSE
	EndGlobalSection
	GlobalSection(ExtensibilityGlobals) = postSolution
		SolutionGuid = {5233035D-5947-47D6-AD4B-659C6321E42A}
	EndGlobalSection
EndGlobal
